// !$*UTF8*$!
{
	archiveVersion = 1;
	classes = {
	};
	objectVersion = 77;
	objects = {

/* Begin PBXContainerItemProxy section */
		8F34EB7B2F07D2F8008584FC /* PBXContainerItemProxy */ = {
			isa = PBXContainerItemProxy;
			containerPortal = 8F34EB642F07D2F3008584FC /* Project object */;
			proxyType = 1;
			remoteGlobalIDString = 8F34EB6B2F07D2F3008584FC;
			remoteInfo = ModelMana;
		};
		8F34EB852F07D2F8008584FC /* PBXContainerItemProxy */ = {
			isa = PBXContainerItemProxy;
			containerPortal = 8F34EB642F07D2F3008584FC /* Project object */;
			proxyType = 1;
			remoteGlobalIDString = 8F34EB6B2F07D2F3008584FC;
			remoteInfo = ModelMana;
		};
/* End PBXContainerItemProxy section */

/* Begin PBXFileReference section */
		8F34EB6C2F07D2F3008584FC /* ModelMana.app */ = {isa = PBXFileReference; explicitFileType = wrapper.application; includeInIndex = 0; path = ModelMana.app; sourceTree = BUILT_PRODUCTS_DIR; };
		8F34EB7A2F07D2F8008584FC /* ModelManaTests.xctest */ = {isa = PBXFileReference; explicitFileType = wrapper.cfbundle; includeInIndex = 0; path = ModelManaTests.xctest; sourceTree = BUILT_PRODUCTS_DIR; };
		8F34EB842F07D2F8008584FC /* ModelManaUITests.xctest */ = {isa = PBXFileReference; explicitFileType = wrapper.cfbundle; includeInIndex = 0; path = ModelManaUITests.xctest; sourceTree = BUILT_PRODUCTS_DIR; };
/* End PBXFileReference section */

/* Begin PBXFileSystemSynchronizedRootGroup section */
		8F34EB6E2F07D2F3008584FC /* ModelMana */ = {
			isa = PBXFileSystemSynchronizedRootGroup;
			path = ModelMana;
			sourceTree = "<group>";
		};
		8F34EB7D2F07D2F8008584FC /* ModelManaTests */ = {
			isa = PBXFileSystemSynchronizedRootGroup;
			path = ModelManaTests;
			sourceTree = "<group>";
		};
		8F34EB872F07D2F8008584FC /* ModelManaUITests */ = {
			isa = PBXFileSystemSynchronizedRootGroup;
			path = ModelManaUITests;
			sourceTree = "<group>";
		};
/* End PBXFileSystemSynchronizedRootGroup section */

/* Begin PBXFrameworksBuildPhase section */
		8F34EB692F07D2F3008584FC /* Frameworks */ = {
			isa = PBXFrameworksBuildPhase;
			buildActionMask = 2147483647;
			files = (
			);
			runOnlyForDeploymentPostprocessing = 0;
		};
		8F34EB772F07D2F8008584FC /* Frameworks */ = {
			isa = PBXFrameworksBuildPhase;
			buildActionMask = 2147483647;
			files = (
			);
			runOnlyForDeploymentPostprocessing = 0;
		};
		8F34EB812F07D2F8008584FC /* Frameworks */ = {
			isa = PBXFrameworksBuildPhase;
			buildActionMask = 2147483647;
			files = (
			);
			runOnlyForDeploymentPostprocessing = 0;
		};
/* End PBXFrameworksBuildPhase section */

/* Begin PBXGroup section */
		8F34EB632F07D2F3008584FC = {
			isa = PBXGroup;
			children = (
				8F34EB6E2F07D2F3008584FC /* ModelMana */,
				8F34EB7D2F07D2F8008584FC /* ModelManaTests */,
				8F34EB872F07D2F8008584FC /* ModelManaUITests */,
				8F34EB6D2F07D2F3008584FC /* Products */,
			);
			sourceTree = "<group>";
		};
		8F34EB6D2F07D2F3008584FC /* Products */ = {
			isa = PBXGroup;
			children = (
				8F34EB6C2F07D2F3008584FC /* ModelMana.app */,
				8F34EB7A2F07D2F8008584FC /* ModelManaTests.xctest */,
				8F34EB842F07D2F8008584FC /* ModelManaUITests.xctest */,
			);
			name = Products;
			sourceTree = "<group>";
		};
/* End PBXGroup section */

/* Begin PBXNativeTarget section */
		8F34EB6B2F07D2F3008584FC /* ModelMana */ = {
			isa = PBXNativeTarget;
			buildConfigurationList = 8F34EB8E2F07D2F8008584FC /* Build configuration list for PBXNativeTarget "ModelMana" */;
			buildPhases = (
				8F34EB682F07D2F3008584FC /* Sources */,
				8F34EB692F07D2F3008584FC /* Frameworks */,
				8F34EB6A2F07D2F3008584FC /* Resources */,
			);
			buildRules = (
			);
			dependencies = (
			);
			fileSystemSynchronizedGroups = (
				8F34EB6E2F07D2F3008584FC /* ModelMana */,
			);
			name = ModelMana;
			packageProductDependencies = (
			);
			productName = ModelMana;
			productReference = 8F34EB6C2F07D2F3008584FC /* ModelMana.app */;
			productType = "com.apple.product-type.application";
		};
		8F34EB792F07D2F8008584FC /* ModelManaTests */ = {
			isa = PBXNativeTarget;
			buildConfigurationList = 8F34EB912F07D2F8008584FC /* Build configuration list for PBXNativeTarget "ModelManaTests" */;
			buildPhases = (
				8F34EB762F07D2F8008584FC /* Sources */,
				8F34EB772F07D2F8008584FC /* Frameworks */,
				8F34EB782F07D2F8008584FC /* Resources */,
			);
			buildRules = (
			);
			dependencies = (
				8F34EB7C2F07D2F8008584FC /* PBXTargetDependency */,
			);
			fileSystemSynchronizedGroups = (
				8F34EB7D2F07D2F8008584FC /* ModelManaTests */,
			);
			name = ModelManaTests;
			packageProductDependencies = (
			);
			productName = ModelManaTests;
			productReference = 8F34EB7A2F07D2F8008584FC /* ModelManaTests.xctest */;
			productType = "com.apple.product-type.bundle.unit-test";
		};
		8F34EB832F07D2F8008584FC /* ModelManaUITests */ = {
			isa = PBXNativeTarget;
			buildConfigurationList = 8F34EB942F07D2F8008584FC /* Build configuration list for PBXNativeTarget "ModelManaUITests" */;
			buildPhases = (
				8F34EB802F07D2F8008584FC /* Sources */,
				8F34EB812F07D2F8008584FC /* Frameworks */,
				8F34EB822F07D2F8008584FC /* Resources */,
			);
			buildRules = (
			);
			dependencies = (
				8F34EB862F07D2F8008584FC /* PBXTargetDependency */,
			);
			fileSystemSynchronizedGroups = (
				8F34EB872F07D2F8008584FC /* ModelManaUITests */,
			);
			name = ModelManaUITests;
			packageProductDependencies = (
			);
			productName = ModelManaUITests;
			productReference = 8F34EB842F07D2F8008584FC /* ModelManaUITests.xctest */;
			productType = "com.apple.product-type.bundle.ui-testing";
		};
/* End PBXNativeTarget section */

/* Begin PBXProject section */
		8F34EB642F07D2F3008584FC /* Project object */ = {
			isa = PBXProject;
			attributes = {
				BuildIndependentTargetsInParallel = 1;
				LastSwiftUpdateCheck = 1640;
				LastUpgradeCheck = 1640;
				TargetAttributes = {
					8F34EB6B2F07D2F3008584FC = {
						CreatedOnToolsVersion = 16.4;
					};
					8F34EB792F07D2F8008584FC = {
						CreatedOnToolsVersion = 16.4;
						TestTargetID = 8F34EB6B2F07D2F3008584FC;
					};
					8F34EB832F07D2F8008584FC = {
						CreatedOnToolsVersion = 16.4;
						TestTargetID = 8F34EB6B2F07D2F3008584FC;
					};
				};
			};
			buildConfigurationList = 8F34EB672F07D2F3008584FC /* Build configuration list for PBXProject "ModelMana" */;
			developmentRegion = en;
			hasScannedForEncodings = 0;
			knownRegions = (
				en,
				Base,
			);
			mainGroup = 8F34EB632F07D2F3008584FC;
			minimizedProjectReferenceProxies = 1;
			preferredProjectObjectVersion = 77;
			productRefGroup = 8F34EB6D2F07D2F3008584FC /* Products */;
			projectDirPath = "";
			projectRoot = "";
			targets = (
				8F34EB6B2F07D2F3008584FC /* ModelMana */,
				8F34EB792F07D2F8008584FC /* ModelManaTests */,
				8F34EB832F07D2F8008584FC /* ModelManaUITests */,
			);
		};
/* End PBXProject section */

/* Begin PBXResourcesBuildPhase section */
		8F34EB6A2F07D2F3008584FC /* Resources */ = {
			isa = PBXResourcesBuildPhase;
			buildActionMask = 2147483647;
			files = (
			);
			runOnlyForDeploymentPostprocessing = 0;
		};
		8F34EB782F07D2F8008584FC /* Resources */ = {
			isa = PBXResourcesBuildPhase;
			buildActionMask = 2147483647;
			files = (
			);
			runOnlyForDeploymentPostprocessing = 0;
		};
		8F34EB822F07D2F8008584FC /* Resources */ = {
			isa = PBXResourcesBuildPhase;
			buildActionMask = 2147483647;
			files = (
			);
			runOnlyForDeploymentPostprocessing = 0;
		};
/* End PBXResourcesBuildPhase section */

/* Begin PBXSourcesBuildPhase section */
		8F34EB682F07D2F3008584FC /* Sources */ = {
			isa = PBXSourcesBuildPhase;
			buildActionMask = 2147483647;
			files = (
			);
			runOnlyForDeploymentPostprocessing = 0;
		};
		8F34EB762F07D2F8008584FC /* Sources */ = {
			isa = PBXSourcesBuildPhase;
			buildActionMask = 2147483647;
			files = (
			);
			runOnlyForDeploymentPostprocessing = 0;
		};
		8F34EB802F07D2F8008584FC /* Sources */ = {
			isa = PBXSourcesBuildPhase;
			buildActionMask = 2147483647;
			files = (
			);
			runOnlyForDeploymentPostprocessing = 0;
		};
/* End PBXSourcesBuildPhase section */

/* Begin PBXTargetDependency section */
		8F34EB7C2F07D2F8008584FC /* PBXTargetDependency */ = {
			isa = PBXTargetDependency;
			target = 8F34EB6B2F07D2F3008584FC /* ModelMana */;
			targetProxy = 8F34EB7B2F07D2F8008584FC /* PBXContainerItemProxy */;
		};
		8F34EB862F07D2F8008584FC /* PBXTargetDependency */ = {
			isa = PBXTargetDependency;
			target = 8F34EB6B2F07D2F3008584FC /* ModelMana */;
			targetProxy = 8F34EB852F07D2F8008584FC /* PBXContainerItemProxy */;
		};
/* End PBXTargetDependency section */

/* Begin XCBuildConfiguration section */
		8F34EB8C2F07D2F8008584FC /* Debug */ = {
			isa = XCBuildConfiguration;
			buildSettings = {
				ALWAYS_SEARCH_USER_PATHS = NO;
				ASSETCATALOG_COMPILER_GENERATE_SWIFT_ASSET_SYMBOL_EXTENSIONS = YES;
				CLANG_ANALYZER_NONNULL = YES;
				CLANG_ANALYZER_NUMBER_OBJECT_CONVERSION = YES_AGGRESSIVE;
				CLANG_CXX_LANGUAGE_STANDARD = "gnu++20";
				CLANG_ENABLE_MODULES = YES;
				CLANG_ENABLE_OBJC_ARC = YES;
				CLANG_ENABLE_OBJC_WEAK = YES;
				CLANG_WARN_BLOCK_CAPTURE_AUTORELEASING = YES;
				CLANG_WARN_BOOL_CONVERSION = YES;
				CLANG_WARN_COMMA = YES;
				CLANG_WARN_CONSTANT_CONVERSION = YES;
				CLANG_WARN_DEPRECATED_OBJC_IMPLEMENTATIONS = YES;
				CLANG_WARN_DIRECT_OBJC_ISA_USAGE = YES_ERROR;
				CLANG_WARN_DOCUMENTATION_COMMENTS = YES;
				CLANG_WARN_EMPTY_BODY = YES;
				CLANG_WARN_ENUM_CONVERSION = YES;
				CLANG_WARN_INFINITE_RECURSION = YES;
				CLANG_WARN_INT_CONVERSION = YES;
				CLANG_WARN_NON_LITERAL_NULL_CONVERSION = YES;
				CLANG_WARN_OBJC_IMPLICIT_RETAIN_SELF = YES;
				CLANG_WARN_OBJC_LITERAL_CONVERSION = YES;
				CLANG_WARN_OBJC_ROOT_CLASS = YES_ERROR;
				CLANG_WARN_QUOTED_INCLUDE_IN_FRAMEWORK_HEADER = YES;
				CLANG_WARN_RANGE_LOOP_ANALYSIS = YES;
				CLANG_WARN_STRICT_PROTOTYPES = YES;
				CLANG_WARN_SUSPICIOUS_MOVE = YES;
				CLANG_WARN_UNGUARDED_AVAILABILITY = YES_AGGRESSIVE;
				CLANG_WARN_UNREACHABLE_CODE = YES;
				CLANG_WARN__DUPLICATE_METHOD_MATCH = YES;
				COPY_PHASE_STRIP = NO;
				DEBUG_INFORMATION_FORMAT = dwarf;
				DEVELOPMENT_TEAM = DFLGLG3565;
				ENABLE_STRICT_OBJC_MSGSEND = YES;
				ENABLE_TESTABILITY = YES;
				ENABLE_USER_SCRIPT_SANDBOXING = YES;
				GCC_C_LANGUAGE_STANDARD = gnu17;
				GCC_DYNAMIC_NO_PIC = NO;
				GCC_NO_COMMON_BLOCKS = YES;
				GCC_OPTIMIZATION_LEVEL = 0;
				GCC_PREPROCESSOR_DEFINITIONS = (
					"DEBUG=1",
					"$(inherited)",
				);
				GCC_WARN_64_TO_32_BIT_CONVERSION = YES;
				GCC_WARN_ABOUT_RETURN_TYPE = YES_ERROR;
				GCC_WARN_UNDECLARED_SELECTOR = YES;
				GCC_WARN_UNINITIALIZED_AUTOS = YES_AGGRESSIVE;
				GCC_WARN_UNUSED_FUNCTION = YES;
				GCC_WARN_UNUSED_VARIABLE = YES;
				LOCALIZATION_PREFERS_STRING_CATALOGS = YES;
				MACOSX_DEPLOYMENT_TARGET = 14.6;
				MTL_ENABLE_DEBUG_INFO = INCLUDE_SOURCE;
				MTL_FAST_MATH = YES;
				ONLY_ACTIVE_ARCH = YES;
				SDKROOT = macosx;
				SWIFT_ACTIVE_COMPILATION_CONDITIONS = "DEBUG $(inherited)";
				SWIFT_OPTIMIZATION_LEVEL = "-Onone";
			};
			name = Debug;
		};
		8F34EB8D2F07D2F8008584FC /* Release */ = {
			isa = XCBuildConfiguration;
			buildSettings = {
				ALWAYS_SEARCH_USER_PATHS = NO;
				ASSETCATALOG_COMPILER_GENERATE_SWIFT_ASSET_SYMBOL_EXTENSIONS = YES;
				CLANG_ANALYZER_NONNULL = YES;
				CLANG_ANALYZER_NUMBER_OBJECT_CONVERSION = YES_AGGRESSIVE;
				CLANG_CXX_LANGUAGE_STANDARD = "gnu++20";
				CLANG_ENABLE_MODULES = YES;
				CLANG_ENABLE_OBJC_ARC = YES;
				CLANG_ENABLE_OBJC_WEAK = YES;
				CLANG_WARN_BLOCK_CAPTURE_AUTORELEASING = YES;
				CLANG_WARN_BOOL_CONVERSION = YES;
				CLANG_WARN_COMMA = YES;
				CLANG_WARN_CONSTANT_CONVERSION = YES;
				CLANG_WARN_DEPRECATED_OBJC_IMPLEMENTATIONS = YES;
				CLANG_WARN_DIRECT_OBJC_ISA_USAGE = YES_ERROR;
				CLANG_WARN_DOCUMENTATION_COMMENTS = YES;
				CLANG_WARN_EMPTY_BODY = YES;
				CLANG_WARN_ENUM_CONVERSION = YES;
				CLANG_WARN_INFINITE_RECURSION = YES;
				CLANG_WARN_INT_CONVERSION = YES;
				CLANG_WARN_NON_LITERAL_NULL_CONVERSION = YES;
				CLANG_WARN_OBJC_IMPLICIT_RETAIN_SELF = YES;
				CLANG_WARN_OBJC_LITERAL_CONVERSION = YES;
				CLANG_WARN_OBJC_ROOT_CLASS = YES_ERROR;
				CLANG_WARN_QUOTED_INCLUDE_IN_FRAMEWORK_HEADER = YES;
				CLANG_WARN_RANGE_LOOP_ANALYSIS = YES;
				CLANG_WARN_STRICT_PROTOTYPES = YES;
				CLANG_WARN_SUSPICIOUS_MOVE = YES;
				CLANG_WARN_UNGUARDED_AVAILABILITY = YES_AGGRESSIVE;
				CLANG_WARN_UNREACHABLE_CODE = YES;
				CLANG_WARN__DUPLICATE_METHOD_MATCH = YES;
				COPY_PHASE_STRIP = NO;
				DEBUG_INFORMATION_FORMAT = "dwarf-with-dsym";
				DEVELOPMENT_TEAM = DFLGLG3565;
				ENABLE_NS_ASSERTIONS = NO;
				ENABLE_STRICT_OBJC_MSGSEND = YES;
				ENABLE_USER_SCRIPT_SANDBOXING = YES;
				GCC_C_LANGUAGE_STANDARD = gnu17;
				GCC_NO_COMMON_BLOCKS = YES;
				GCC_WARN_64_TO_32_BIT_CONVERSION = YES;
				GCC_WARN_ABOUT_RETURN_TYPE = YES_ERROR;
				GCC_WARN_UNDECLARED_SELECTOR = YES;
				GCC_WARN_UNINITIALIZED_AUTOS = YES_AGGRESSIVE;
				GCC_WARN_UNUSED_FUNCTION = YES;
				GCC_WARN_UNUSED_VARIABLE = YES;
				LOCALIZATION_PREFERS_STRING_CATALOGS = YES;
				MACOSX_DEPLOYMENT_TARGET = 14.6;
				MTL_ENABLE_DEBUG_INFO = NO;
				MTL_FAST_MATH = YES;
				SDKROOT = macosx;
				SWIFT_COMPILATION_MODE = wholemodule;
			};
			name = Release;
		};
		8F34EB8F2F07D2F8008584FC /* Debug */ = {
			isa = XCBuildConfiguration;
			buildSettings = {
				ASSETCATALOG_COMPILER_APPICON_NAME = AppIcon;
				ASSETCATALOG_COMPILER_GLOBAL_ACCENT_COLOR_NAME = AccentColor;
				CODE_SIGN_ENTITLEMENTS = ModelMana/ModelMana.entitlements;
				CODE_SIGN_STYLE = Automatic;
				COMBINE_HIDPI_IMAGES = YES;
				CURRENT_PROJECT_VERSION = 1;
				DEVELOPMENT_TEAM = DFLGLG3565;
				ENABLE_HARDENED_RUNTIME = YES;
				ENABLE_PREVIEWS = YES;
				GENERATE_INFOPLIST_FILE = YES;
				INFOPLIST_KEY_NSHumanReadableCopyright = "";
				LD_RUNPATH_SEARCH_PATHS = (
					"$(inherited)",
					"@executable_path/../Frameworks",
				);
				MARKETING_VERSION = 1.0;
				PRODUCT_BUNDLE_IDENTIFIER = com.zafei.ModelMana;
				PRODUCT_NAME = "$(TARGET_NAME)";
				REGISTER_APP_GROUPS = YES;
				SWIFT_EMIT_LOC_STRINGS = YES;
				SWIFT_VERSION = 5.0;
			};
			name = Debug;
		};
		8F34EB902F07D2F8008584FC /* Release */ = {
			isa = XCBuildConfiguration;
			buildSettings = {
				ASSETCATALOG_COMPILER_APPICON_NAME = AppIcon;
				ASSETCATALOG_COMPILER_GLOBAL_ACCENT_COLOR_NAME = AccentColor;
				CODE_SIGN_ENTITLEMENTS = ModelMana/ModelMana.entitlements;
				CODE_SIGN_STYLE = Automatic;
				COMBINE_HIDPI_IMAGES = YES;
				CURRENT_PROJECT_VERSION = 1;
				DEVELOPMENT_TEAM = DFLGLG3565;
				ENABLE_HARDENED_RUNTIME = YES;
				ENABLE_PREVIEWS = YES;
				GENERATE_INFOPLIST_FILE = YES;
				INFOPLIST_KEY_NSHumanReadableCopyright = "";
				LD_RUNPATH_SEARCH_PATHS = (
					"$(inherited)",
					"@executable_path/../Frameworks",
				);
				MARKETING_VERSION = 1.0;
				PRODUCT_BUNDLE_IDENTIFIER = com.zafei.ModelMana;
				PRODUCT_NAME = "$(TARGET_NAME)";
				REGISTER_APP_GROUPS = YES;
				SWIFT_EMIT_LOC_STRINGS = YES;
				SWIFT_VERSION = 5.0;
			};
			name = Release;
		};
		8F34EB922F07D2F8008584FC /* Debug */ = {
			isa = XCBuildConfiguration;
			buildSettings = {
				BUNDLE_LOADER = "$(TEST_HOST)";
				CODE_SIGN_STYLE = Automatic;
				CURRENT_PROJECT_VERSION = 1;
				DEVELOPMENT_TEAM = DFLGLG3565;
				GENERATE_INFOPLIST_FILE = YES;
				MACOSX_DEPLOYMENT_TARGET = 14.6;
				MARKETING_VERSION = 1.0;
				PRODUCT_BUNDLE_IDENTIFIER = com.zafei.ModelManaTests;
				PRODUCT_NAME = "$(TARGET_NAME)";
				SWIFT_EMIT_LOC_STRINGS = NO;
				SWIFT_VERSION = 5.0;
				TEST_HOST = "$(BUILT_PRODUCTS_DIR)/ModelMana.app/$(BUNDLE_EXECUTABLE_FOLDER_PATH)/ModelMana";
			};
			name = Debug;
		};
		8F34EB932F07D2F8008584FC /* Release */ = {
			isa = XCBuildConfiguration;
			buildSettings = {
				BUNDLE_LOADER = "$(TEST_HOST)";
				CODE_SIGN_STYLE = Automatic;
				CURRENT_PROJECT_VERSION = 1;
				DEVELOPMENT_TEAM = DFLGLG3565;
				GENERATE_INFOPLIST_FILE = YES;
				MACOSX_DEPLOYMENT_TARGET = 14.6;
				MARKETING_VERSION = 1.0;
				PRODUCT_BUNDLE_IDENTIFIER = com.zafei.ModelManaTests;
				PRODUCT_NAME = "$(TARGET_NAME)";
				SWIFT_EMIT_LOC_STRINGS = NO;
				SWIFT_VERSION = 5.0;
				TEST_HOST = "$(BUILT_PRODUCTS_DIR)/ModelMana.app/$(BUNDLE_EXECUTABLE_FOLDER_PATH)/ModelMana";
			};
			name = Release;
		};
		8F34EB952F07D2F8008584FC /* Debug */ = {
			isa = XCBuildConfiguration;
			buildSettings = {
				CODE_SIGN_STYLE = Automatic;
				CURRENT_PROJECT_VERSION = 1;
				DEVELOPMENT_TEAM = DFLGLG3565;
				GENERATE_INFOPLIST_FILE = YES;
				MARKETING_VERSION = 1.0;
				PRODUCT_BUNDLE_IDENTIFIER = com.zafei.ModelManaUITests;
				PRODUCT_NAME = "$(TARGET_NAME)";
				SWIFT_EMIT_LOC_STRINGS = NO;
				SWIFT_VERSION = 5.0;
				TEST_TARGET_NAME = ModelMana;
			};
			name = Debug;
		};
		8F34EB962F07D2F8008584FC /* Release */ = {
			isa = XCBuildConfiguration;
			buildSettings = {
				CODE_SIGN_STYLE = Automatic;
				CURRENT_PROJECT_VERSION = 1;
				DEVELOPMENT_TEAM = DFLGLG3565;
				GENERATE_INFOPLIST_FILE = YES;
				MARKETING_VERSION = 1.0;
				PRODUCT_BUNDLE_IDENTIFIER = com.zafei.ModelManaUITests;
				PRODUCT_NAME = "$(TARGET_NAME)";
				SWIFT_EMIT_LOC_STRINGS = NO;
				SWIFT_VERSION = 5.0;
				TEST_TARGET_NAME = ModelMana;
			};
			name = Release;
		};
/* End XCBuildConfiguration section */

/* Begin XCConfigurationList section */
		8F34EB672F07D2F3008584FC /* Build configuration list for PBXProject "ModelMana" */ = {
			isa = XCConfigurationList;
			buildConfigurations = (
				8F34EB8C2F07D2F8008584FC /* Debug */,
				8F34EB8D2F07D2F8008584FC /* Release */,
			);
			defaultConfigurationIsVisible = 0;
			defaultConfigurationName = Release;
		};
		8F34EB8E2F07D2F8008584FC /* Build configuration list for PBXNativeTarget "ModelMana" */ = {
			isa = XCConfigurationList;
			buildConfigurations = (
				8F34EB8F2F07D2F8008584FC /* Debug */,
				8F34EB902F07D2F8008584FC /* Release */,
			);
			defaultConfigurationIsVisible = 0;
			defaultConfigurationName = Release;
		};
		8F34EB912F07D2F8008584FC /* Build configuration list for PBXNativeTarget "ModelManaTests" */ = {
			isa = XCConfigurationList;
			buildConfigurations = (
				8F34EB922F07D2F8008584FC /* Debug */,
				8F34EB932F07D2F8008584FC /* Release */,
			);
			defaultConfigurationIsVisible = 0;
			defaultConfigurationName = Release;
		};
		8F34EB942F07D2F8008584FC /* Build configuration list for PBXNativeTarget "ModelManaUITests" */ = {
			isa = XCConfigurationList;
			buildConfigurations = (
				8F34EB952F07D2F8008584FC /* Debug */,
				8F34EB962F07D2F8008584FC /* Release */,
			);
			defaultConfigurationIsVisible = 0;
			defaultConfigurationName = Release;
		};
/* End XCConfigurationList section */
	};
	rootObject = 8F34EB642F07D2F3008584FC /* Project object */;
}
